// !$*UTF8*$!
{
	archiveVersion = 1;
	classes = {
	};
	objectVersion = 55;
	objects = {

/* Begin PBXBuildFile section */
		6E44D3A5276AEC6B00D75E39 /* AddItem.swift in Sources */ = {isa = PBXBuildFile; fileRef = 6E44D3A4276AEC6B00D75E39 /* AddItem.swift */; };
		6E44D3A7276AEC8D00D75E39 /* EditItem.swift in Sources */ = {isa = PBXBuildFile; fileRef = 6E44D3A6276AEC8D00D75E39 /* EditItem.swift */; };
		6E44D3AA276AED5E00D75E39 /* ListManager.swift in Sources */ = {isa = PBXBuildFile; fileRef = 6E44D3A9276AED5E00D75E39 /* ListManager.swift */; };
		6E44D3AC276AF2E300D75E39 /* TaskList.swift in Sources */ = {isa = PBXBuildFile; fileRef = 6E44D3AB276AF2E300D75E39 /* TaskList.swift */; };
		6E44D3AF276AF34A00D75E39 /* Preferences.swift in Sources */ = {isa = PBXBuildFile; fileRef = 6E44D3AE276AF34A00D75E39 /* Preferences.swift */; };
		6E44D3B4276B07F200D75E39 /* ViewItemDetails.swift in Sources */ = {isa = PBXBuildFile; fileRef = 6E44D3B3276B07F200D75E39 /* ViewItemDetails.swift */; };
		6E44D3B6276B090000D75E39 /* SwiftExtensions.swift in Sources */ = {isa = PBXBuildFile; fileRef = 6E44D3B5276B090000D75E39 /* SwiftExtensions.swift */; };
		6EA4729F27644FDE00F80FB3 /* Really_Simple_To_Do_ListApp.swift in Sources */ = {isa = PBXBuildFile; fileRef = 6EA4729E27644FDE00F80FB3 /* Really_Simple_To_Do_ListApp.swift */; };
		6EA472A127644FDE00F80FB3 /* ContentView.swift in Sources */ = {isa = PBXBuildFile; fileRef = 6EA472A027644FDE00F80FB3 /* ContentView.swift */; };
		6EA472A327644FDF00F80FB3 /* Assets.xcassets in Resources */ = {isa = PBXBuildFile; fileRef = 6EA472A227644FDF00F80FB3 /* Assets.xcassets */; };
		6EA472A627644FDF00F80FB3 /* Preview Assets.xcassets in Resources */ = {isa = PBXBuildFile; fileRef = 6EA472A527644FDF00F80FB3 /* Preview Assets.xcassets */; };
/* End PBXBuildFile section */

/* Begin PBXFileReference section */
		6E44D3A4276AEC6B00D75E39 /* AddItem.swift */ = {isa = PBXFileReference; lastKnownFileType = sourcecode.swift; path = AddItem.swift; sourceTree = "<group>"; };
		6E44D3A6276AEC8D00D75E39 /* EditItem.swift */ = {isa = PBXFileReference; lastKnownFileType = sourcecode.swift; path = EditItem.swift; sourceTree = "<group>"; };
		6E44D3A9276AED5E00D75E39 /* ListManager.swift */ = {isa = PBXFileReference; lastKnownFileType = sourcecode.swift; path = ListManager.swift; sourceTree = "<group>"; };
		6E44D3AB276AF2E300D75E39 /* TaskList.swift */ = {isa = PBXFileReference; lastKnownFileType = sourcecode.swift; path = TaskList.swift; sourceTree = "<group>"; };
		6E44D3AE276AF34A00D75E39 /* Preferences.swift */ = {isa = PBXFileReference; lastKnownFileType = sourcecode.swift; path = Preferences.swift; sourceTree = "<group>"; };
		6E44D3B3276B07F200D75E39 /* ViewItemDetails.swift */ = {isa = PBXFileReference; lastKnownFileType = sourcecode.swift; path = ViewItemDetails.swift; sourceTree = "<group>"; };
		6E44D3B5276B090000D75E39 /* SwiftExtensions.swift */ = {isa = PBXFileReference; lastKnownFileType = sourcecode.swift; path = SwiftExtensions.swift; sourceTree = "<group>"; };
		6EA4729B27644FDE00F80FB3 /* Really Simple To-Do List.app */ = {isa = PBXFileReference; explicitFileType = wrapper.application; includeInIndex = 0; path = "Really Simple To-Do List.app"; sourceTree = BUILT_PRODUCTS_DIR; };
		6EA4729E27644FDE00F80FB3 /* Really_Simple_To_Do_ListApp.swift */ = {isa = PBXFileReference; lastKnownFileType = sourcecode.swift; path = Really_Simple_To_Do_ListApp.swift; sourceTree = "<group>"; };
		6EA472A027644FDE00F80FB3 /* ContentView.swift */ = {isa = PBXFileReference; lastKnownFileType = sourcecode.swift; path = ContentView.swift; sourceTree = "<group>"; };
		6EA472A227644FDF00F80FB3 /* Assets.xcassets */ = {isa = PBXFileReference; lastKnownFileType = folder.assetcatalog; path = Assets.xcassets; sourceTree = "<group>"; };
		6EA472A527644FDF00F80FB3 /* Preview Assets.xcassets */ = {isa = PBXFileReference; lastKnownFileType = folder.assetcatalog; path = "Preview Assets.xcassets"; sourceTree = "<group>"; };
/* End PBXFileReference section */

/* Begin PBXFrameworksBuildPhase section */
		6EA4729827644FDE00F80FB3 /* Frameworks */ = {
			isa = PBXFrameworksBuildPhase;
			buildActionMask = 2147483647;
			files = (
			);
			runOnlyForDeploymentPostprocessing = 0;
		};
/* End PBXFrameworksBuildPhase section */

/* Begin PBXGroup section */
		6E44D3A3276AEC4D00D75E39 /* Item Management */ = {
			isa = PBXGroup;
			children = (
				6E44D3A4276AEC6B00D75E39 /* AddItem.swift */,
				6E44D3A6276AEC8D00D75E39 /* EditItem.swift */,
				6E44D3B3276B07F200D75E39 /* ViewItemDetails.swift */,
			);
			path = "Item Management";
			sourceTree = "<group>";
		};
		6E44D3A8276AED4000D75E39 /* Task List */ = {
			isa = PBXGroup;
			children = (
				6E44D3A9276AED5E00D75E39 /* ListManager.swift */,
				6E44D3AB276AF2E300D75E39 /* TaskList.swift */,
			);
			path = "Task List";
			sourceTree = "<group>";
		};
		6E44D3AD276AF33500D75E39 /* Context Menus */ = {
			isa = PBXGroup;
			children = (
				6E44D3AE276AF34A00D75E39 /* Preferences.swift */,
			);
			path = "Context Menus";
			sourceTree = "<group>";
		};
		6E44D3B0276AFF6A00D75E39 /* Helpers */ = {
			isa = PBXGroup;
			children = (
				6E44D3B5276B090000D75E39 /* SwiftExtensions.swift */,
			);
			path = Helpers;
			sourceTree = "<group>";
		};
		6EA4729227644FDE00F80FB3 = {
			isa = PBXGroup;
			children = (
				6EA4729D27644FDE00F80FB3 /* Really Simple To-Do List */,
				6EA4729C27644FDE00F80FB3 /* Products */,
			);
			sourceTree = "<group>";
		};
		6EA4729C27644FDE00F80FB3 /* Products */ = {
			isa = PBXGroup;
			children = (
				6EA4729B27644FDE00F80FB3 /* Really Simple To-Do List.app */,
			);
			name = Products;
			sourceTree = "<group>";
		};
		6EA4729D27644FDE00F80FB3 /* Really Simple To-Do List */ = {
			isa = PBXGroup;
			children = (
				6E44D3B0276AFF6A00D75E39 /* Helpers */,
				6E44D3AD276AF33500D75E39 /* Context Menus */,
				6E44D3A8276AED4000D75E39 /* Task List */,
				6E44D3A3276AEC4D00D75E39 /* Item Management */,
				6EA4729E27644FDE00F80FB3 /* Really_Simple_To_Do_ListApp.swift */,
				6EA472A027644FDE00F80FB3 /* ContentView.swift */,
				6EA472A227644FDF00F80FB3 /* Assets.xcassets */,
				6EA472A427644FDF00F80FB3 /* Preview Content */,
			);
			path = "Really Simple To-Do List";
			sourceTree = "<group>";
		};
		6EA472A427644FDF00F80FB3 /* Preview Content */ = {
			isa = PBXGroup;
			children = (
				6EA472A527644FDF00F80FB3 /* Preview Assets.xcassets */,
			);
			path = "Preview Content";
			sourceTree = "<group>";
		};
/* End PBXGroup section */

/* Begin PBXNativeTarget section */
		6EA4729A27644FDE00F80FB3 /* Really Simple To-Do List */ = {
			isa = PBXNativeTarget;
			buildConfigurationList = 6EA472A927644FDF00F80FB3 /* Build configuration list for PBXNativeTarget "Really Simple To-Do List" */;
			buildPhases = (
				6EA4729727644FDE00F80FB3 /* Sources */,
				6EA4729827644FDE00F80FB3 /* Frameworks */,
				6EA4729927644FDE00F80FB3 /* Resources */,
			);
			buildRules = (
			);
			dependencies = (
			);
			name = "Really Simple To-Do List";
			productName = "Really Simple To-Do List";
			productReference = 6EA4729B27644FDE00F80FB3 /* Really Simple To-Do List.app */;
			productType = "com.apple.product-type.application";
		};
/* End PBXNativeTarget section */

/* Begin PBXProject section */
		6EA4729327644FDE00F80FB3 /* Project object */ = {
			isa = PBXProject;
			attributes = {
				BuildIndependentTargetsInParallel = 1;
				LastSwiftUpdateCheck = 1310;
				LastUpgradeCheck = 1310;
				TargetAttributes = {
					6EA4729A27644FDE00F80FB3 = {
						CreatedOnToolsVersion = 13.1;
					};
				};
			};
			buildConfigurationList = 6EA4729627644FDE00F80FB3 /* Build configuration list for PBXProject "Really Simple To-Do List" */;
			compatibilityVersion = "Xcode 13.0";
			developmentRegion = en;
			hasScannedForEncodings = 0;
			knownRegions = (
				en,
				Base,
			);
			mainGroup = 6EA4729227644FDE00F80FB3;
			productRefGroup = 6EA4729C27644FDE00F80FB3 /* Products */;
			projectDirPath = "";
			projectRoot = "";
			targets = (
				6EA4729A27644FDE00F80FB3 /* Really Simple To-Do List */,
			);
		};
/* End PBXProject section */

/* Begin PBXResourcesBuildPhase section */
		6EA4729927644FDE00F80FB3 /* Resources */ = {
			isa = PBXResourcesBuildPhase;
			buildActionMask = 2147483647;
			files = (
				6EA472A627644FDF00F80FB3 /* Preview Assets.xcassets in Resources */,
				6EA472A327644FDF00F80FB3 /* Assets.xcassets in Resources */,
			);
			runOnlyForDeploymentPostprocessing = 0;
		};
/* End PBXResourcesBuildPhase section */

/* Begin PBXSourcesBuildPhase section */
		6EA4729727644FDE00F80FB3 /* Sources */ = {
			isa = PBXSourcesBuildPhase;
			buildActionMask = 2147483647;
			files = (
				6E44D3B4276B07F200D75E39 /* ViewItemDetails.swift in Sources */,
				6E44D3AC276AF2E300D75E39 /* TaskList.swift in Sources */,
				6E44D3AF276AF34A00D75E39 /* Preferences.swift in Sources */,
				6EA472A127644FDE00F80FB3 /* ContentView.swift in Sources */,
				6EA4729F27644FDE00F80FB3 /* Really_Simple_To_Do_ListApp.swift in Sources */,
				6E44D3A7276AEC8D00D75E39 /* EditItem.swift in Sources */,
				6E44D3A5276AEC6B00D75E39 /* AddItem.swift in Sources */,
				6E44D3AA276AED5E00D75E39 /* ListManager.swift in Sources */,
				6E44D3B6276B090000D75E39 /* SwiftExtensions.swift in Sources */,
			);
			runOnlyForDeploymentPostprocessing = 0;
		};
/* End PBXSourcesBuildPhase section */

/* Begin XCBuildConfiguration section */
		6EA472A727644FDF00F80FB3 /* Debug */ = {
			isa = XCBuildConfiguration;
			buildSettings = {
				ALWAYS_SEARCH_USER_PATHS = NO;
				CLANG_ANALYZER_NONNULL = YES;
				CLANG_ANALYZER_NUMBER_OBJECT_CONVERSION = YES_AGGRESSIVE;
				CLANG_CXX_LANGUAGE_STANDARD = "gnu++17";
				CLANG_CXX_LIBRARY = "libc++";
				CLANG_ENABLE_MODULES = YES;
				CLANG_ENABLE_OBJC_ARC = YES;
				CLANG_ENABLE_OBJC_WEAK = YES;
				CLANG_WARN_BLOCK_CAPTURE_AUTORELEASING = YES;
				CLANG_WARN_BOOL_CONVERSION = YES;
				CLANG_WARN_COMMA = YES;
				CLANG_WARN_CONSTANT_CONVERSION = YES;
				CLANG_WARN_DEPRECATED_OBJC_IMPLEMENTATIONS = YES;
				CLANG_WARN_DIRECT_OBJC_ISA_USAGE = YES_ERROR;
				CLANG_WARN_DOCUMENTATION_COMMENTS = YES;
				CLANG_WARN_EMPTY_BODY = YES;
				CLANG_WARN_ENUM_CONVERSION = YES;
				CLANG_WARN_INFINITE_RECURSION = YES;
				CLANG_WARN_INT_CONVERSION = YES;
				CLANG_WARN_NON_LITERAL_NULL_CONVERSION = YES;
				CLANG_WARN_OBJC_IMPLICIT_RETAIN_SELF = YES;
				CLANG_WARN_OBJC_LITERAL_CONVERSION = YES;
				CLANG_WARN_OBJC_ROOT_CLASS = YES_ERROR;
				CLANG_WARN_QUOTED_INCLUDE_IN_FRAMEWORK_HEADER = YES;
				CLANG_WARN_RANGE_LOOP_ANALYSIS = YES;
				CLANG_WARN_STRICT_PROTOTYPES = YES;
				CLANG_WARN_SUSPICIOUS_MOVE = YES;
				CLANG_WARN_UNGUARDED_AVAILABILITY = YES_AGGRESSIVE;
				CLANG_WARN_UNREACHABLE_CODE = YES;
				CLANG_WARN__DUPLICATE_METHOD_MATCH = YES;
				COPY_PHASE_STRIP = NO;
				DEBUG_INFORMATION_FORMAT = dwarf;
				ENABLE_STRICT_OBJC_MSGSEND = YES;
				ENABLE_TESTABILITY = YES;
				GCC_C_LANGUAGE_STANDARD = gnu11;
				GCC_DYNAMIC_NO_PIC = NO;
				GCC_NO_COMMON_BLOCKS = YES;
				GCC_OPTIMIZATION_LEVEL = 0;
				GCC_PREPROCESSOR_DEFINITIONS = (
					"DEBUG=1",
					"$(inherited)",
				);
				GCC_WARN_64_TO_32_BIT_CONVERSION = YES;
				GCC_WARN_ABOUT_RETURN_TYPE = YES_ERROR;
				GCC_WARN_UNDECLARED_SELECTOR = YES;
				GCC_WARN_UNINITIALIZED_AUTOS = YES_AGGRESSIVE;
				GCC_WARN_UNUSED_FUNCTION = YES;
				GCC_WARN_UNUSED_VARIABLE = YES;
				IPHONEOS_DEPLOYMENT_TARGET = 15.0;
				MTL_ENABLE_DEBUG_INFO = INCLUDE_SOURCE;
				MTL_FAST_MATH = YES;
				ONLY_ACTIVE_ARCH = YES;
				SDKROOT = iphoneos;
				SWIFT_ACTIVE_COMPILATION_CONDITIONS = DEBUG;
				SWIFT_OPTIMIZATION_LEVEL = "-Onone";
			};
			name = Debug;
		};
		6EA472A827644FDF00F80FB3 /* Release */ = {
			isa = XCBuildConfiguration;
			buildSettings = {
				ALWAYS_SEARCH_USER_PATHS = NO;
				CLANG_ANALYZER_NONNULL = YES;
				CLANG_ANALYZER_NUMBER_OBJECT_CONVERSION = YES_AGGRESSIVE;
				CLANG_CXX_LANGUAGE_STANDARD = "gnu++17";
				CLANG_CXX_LIBRARY = "libc++";
				CLANG_ENABLE_MODULES = YES;
				CLANG_ENABLE_OBJC_ARC = YES;
				CLANG_ENABLE_OBJC_WEAK = YES;
				CLANG_WARN_BLOCK_CAPTURE_AUTORELEASING = YES;
				CLANG_WARN_BOOL_CONVERSION = YES;
				CLANG_WARN_COMMA = YES;
				CLANG_WARN_CONSTANT_CONVERSION = YES;
				CLANG_WARN_DEPRECATED_OBJC_IMPLEMENTATIONS = YES;
				CLANG_WARN_DIRECT_OBJC_ISA_USAGE = YES_ERROR;
				CLANG_WARN_DOCUMENTATION_COMMENTS = YES;
				CLANG_WARN_EMPTY_BODY = YES;
				CLANG_WARN_ENUM_CONVERSION = YES;
				CLANG_WARN_INFINITE_RECURSION = YES;
				CLANG_WARN_INT_CONVERSION = YES;
				CLANG_WARN_NON_LITERAL_NULL_CONVERSION = YES;
				CLANG_WARN_OBJC_IMPLICIT_RETAIN_SELF = YES;
				CLANG_WARN_OBJC_LITERAL_CONVERSION = YES;
				CLANG_WARN_OBJC_ROOT_CLASS = YES_ERROR;
				CLANG_WARN_QUOTED_INCLUDE_IN_FRAMEWORK_HEADER = YES;
				CLANG_WARN_RANGE_LOOP_ANALYSIS = YES;
				CLANG_WARN_STRICT_PROTOTYPES = YES;
				CLANG_WARN_SUSPICIOUS_MOVE = YES;
				CLANG_WARN_UNGUARDED_AVAILABILITY = YES_AGGRESSIVE;
				CLANG_WARN_UNREACHABLE_CODE = YES;
				CLANG_WARN__DUPLICATE_METHOD_MATCH = YES;
				COPY_PHASE_STRIP = NO;
				DEBUG_INFORMATION_FORMAT = "dwarf-with-dsym";
				ENABLE_NS_ASSERTIONS = NO;
				ENABLE_STRICT_OBJC_MSGSEND = YES;
				GCC_C_LANGUAGE_STANDARD = gnu11;
				GCC_NO_COMMON_BLOCKS = YES;
				GCC_WARN_64_TO_32_BIT_CONVERSION = YES;
				GCC_WARN_ABOUT_RETURN_TYPE = YES_ERROR;
				GCC_WARN_UNDECLARED_SELECTOR = YES;
				GCC_WARN_UNINITIALIZED_AUTOS = YES_AGGRESSIVE;
				GCC_WARN_UNUSED_FUNCTION = YES;
				GCC_WARN_UNUSED_VARIABLE = YES;
				IPHONEOS_DEPLOYMENT_TARGET = 15.0;
				MTL_ENABLE_DEBUG_INFO = NO;
				MTL_FAST_MATH = YES;
				SDKROOT = iphoneos;
				SWIFT_COMPILATION_MODE = wholemodule;
				SWIFT_OPTIMIZATION_LEVEL = "-O";
				VALIDATE_PRODUCT = YES;
			};
			name = Release;
		};
		6EA472AA27644FDF00F80FB3 /* Debug */ = {
			isa = XCBuildConfiguration;
			buildSettings = {
				ASSETCATALOG_COMPILER_APPICON_NAME = AppIcon;
				ASSETCATALOG_COMPILER_GLOBAL_ACCENT_COLOR_NAME = AccentColor;
				CODE_SIGN_STYLE = Automatic;
				CURRENT_PROJECT_VERSION = 1;
				DEVELOPMENT_ASSET_PATHS = "\"Really Simple To-Do List/Preview Content\"";
				DEVELOPMENT_TEAM = 79XMENDA99;
				ENABLE_PREVIEWS = YES;
				GENERATE_INFOPLIST_FILE = YES;
				INFOPLIST_KEY_UIApplicationSceneManifest_Generation = YES;
				INFOPLIST_KEY_UIApplicationSupportsIndirectInputEvents = YES;
				INFOPLIST_KEY_UILaunchScreen_Generation = YES;
				INFOPLIST_KEY_UISupportedInterfaceOrientations_iPad = "UIInterfaceOrientationPortrait UIInterfaceOrientationPortraitUpsideDown UIInterfaceOrientationLandscapeLeft UIInterfaceOrientationLandscapeRight";
				INFOPLIST_KEY_UISupportedInterfaceOrientations_iPhone = "UIInterfaceOrientationPortrait UIInterfaceOrientationLandscapeLeft UIInterfaceOrientationLandscapeRight";
				LD_RUNPATH_SEARCH_PATHS = (
					"$(inherited)",
					"@executable_path/Frameworks",
				);
				MARKETING_VERSION = 1.0;
				PRODUCT_BUNDLE_IDENTIFIER = "com.mattvandenberg.Really-Simple-To-Do-List";
				PRODUCT_NAME = "$(TARGET_NAME)";
				SWIFT_EMIT_LOC_STRINGS = YES;
				SWIFT_VERSION = 5.0;
				TARGETED_DEVICE_FAMILY = "1,2";
			};
			name = Debug;
		};
		6EA472AB27644FDF00F80FB3 /* Release */ = {
			isa = XCBuildConfiguration;
			buildSettings = {
				ASSETCATALOG_COMPILER_APPICON_NAME = AppIcon;
				ASSETCATALOG_COMPILER_GLOBAL_ACCENT_COLOR_NAME = AccentColor;
				CODE_SIGN_STYLE = Automatic;
				CURRENT_PROJECT_VERSION = 1;
				DEVELOPMENT_ASSET_PATHS = "\"Really Simple To-Do List/Preview Content\"";
				DEVELOPMENT_TEAM = 79XMENDA99;
				ENABLE_PREVIEWS = YES;
				GENERATE_INFOPLIST_FILE = YES;
				INFOPLIST_KEY_UIApplicationSceneManifest_Generation = YES;
				INFOPLIST_KEY_UIApplicationSupportsIndirectInputEvents = YES;
				INFOPLIST_KEY_UILaunchScreen_Generation = YES;
				INFOPLIST_KEY_UISupportedInterfaceOrientations_iPad = "UIInterfaceOrientationPortrait UIInterfaceOrientationPortraitUpsideDown UIInterfaceOrientationLandscapeLeft UIInterfaceOrientationLandscapeRight";
				INFOPLIST_KEY_UISupportedInterfaceOrientations_iPhone = "UIInterfaceOrientationPortrait UIInterfaceOrientationLandscapeLeft UIInterfaceOrientationLandscapeRight";
				LD_RUNPATH_SEARCH_PATHS = (
					"$(inherited)",
					"@executable_path/Frameworks",
				);
				MARKETING_VERSION = 1.0;
				PRODUCT_BUNDLE_IDENTIFIER = "com.mattvandenberg.Really-Simple-To-Do-List";
				PRODUCT_NAME = "$(TARGET_NAME)";
				SWIFT_EMIT_LOC_STRINGS = YES;
				SWIFT_VERSION = 5.0;
				TARGETED_DEVICE_FAMILY = "1,2";
			};
			name = Release;
		};
/* End XCBuildConfiguration section */

/* Begin XCConfigurationList section */
		6EA4729627644FDE00F80FB3 /* Build configuration list for PBXProject "Really Simple To-Do List" */ = {
			isa = XCConfigurationList;
			buildConfigurations = (
				6EA472A727644FDF00F80FB3 /* Debug */,
				6EA472A827644FDF00F80FB3 /* Release */,
			);
			defaultConfigurationIsVisible = 0;
			defaultConfigurationName = Release;
		};
		6EA472A927644FDF00F80FB3 /* Build configuration list for PBXNativeTarget "Really Simple To-Do List" */ = {
			isa = XCConfigurationList;
			buildConfigurations = (
				6EA472AA27644FDF00F80FB3 /* Debug */,
				6EA472AB27644FDF00F80FB3 /* Release */,
			);
			defaultConfigurationIsVisible = 0;
			defaultConfigurationName = Release;
		};
/* End XCConfigurationList section */
	};
	rootObject = 6EA4729327644FDE00F80FB3 /* Project object */;
}
